// !$*UTF8*$!
{
	archiveVersion = 1;
	classes = {
	};
	objectVersion = 46;
	objects = {

/* Begin PBXBuildFile section */
		1F3E4AF11A90049F0062F0A2 /* AppDelegate.swift in Sources */ = {isa = PBXBuildFile; fileRef = 1F3E4AF01A90049F0062F0A2 /* AppDelegate.swift */; };
		1F3E4AF31A90049F0062F0A2 /* RecordSoundsViewController.swift in Sources */ = {isa = PBXBuildFile; fileRef = 1F3E4AF21A90049F0062F0A2 /* RecordSoundsViewController.swift */; };
		1F3E4AF61A90049F0062F0A2 /* Main.storyboard in Resources */ = {isa = PBXBuildFile; fileRef = 1F3E4AF41A90049F0062F0A2 /* Main.storyboard */; };
		1F3E4AF81A90049F0062F0A2 /* Images.xcassets in Resources */ = {isa = PBXBuildFile; fileRef = 1F3E4AF71A90049F0062F0A2 /* Images.xcassets */; };
		1F3E4AFB1A90049F0062F0A2 /* LaunchScreen.xib in Resources */ = {isa = PBXBuildFile; fileRef = 1F3E4AF91A90049F0062F0A2 /* LaunchScreen.xib */; };
		1F3E4B071A90049F0062F0A2 /* Pitch_PerfectTests.swift in Sources */ = {isa = PBXBuildFile; fileRef = 1F3E4B061A90049F0062F0A2 /* Pitch_PerfectTests.swift */; };
		1FD979571A9904C30006E945 /* PlaySoundsViewController.swift in Sources */ = {isa = PBXBuildFile; fileRef = 1FD979561A9904C30006E945 /* PlaySoundsViewController.swift */; };
		1FD979591A990A240006E945 /* movie_quote.mp3 in Resources */ = {isa = PBXBuildFile; fileRef = 1FD979581A990A240006E945 /* movie_quote.mp3 */; };
		1FD9795B1A9950EB0006E945 /* RecordedAudio.swift in Sources */ = {isa = PBXBuildFile; fileRef = 1FD9795A1A9950EB0006E945 /* RecordedAudio.swift */; };
/* End PBXBuildFile section */

/* Begin PBXContainerItemProxy section */
		1F3E4B011A90049F0062F0A2 /* PBXContainerItemProxy */ = {
			isa = PBXContainerItemProxy;
			containerPortal = 1F3E4AE31A90049F0062F0A2 /* Project object */;
			proxyType = 1;
			remoteGlobalIDString = 1F3E4AEA1A90049F0062F0A2;
			remoteInfo = "Pitch Perfect";
		};
/* End PBXContainerItemProxy section */

/* Begin PBXFileReference section */
		1F3E4AEB1A90049F0062F0A2 /* Pitch Perfect.app */ = {isa = PBXFileReference; explicitFileType = wrapper.application; includeInIndex = 0; path = "Pitch Perfect.app"; sourceTree = BUILT_PRODUCTS_DIR; };
		1F3E4AEF1A90049F0062F0A2 /* Info.plist */ = {isa = PBXFileReference; lastKnownFileType = text.plist.xml; path = Info.plist; sourceTree = "<group>"; };
		1F3E4AF01A90049F0062F0A2 /* AppDelegate.swift */ = {isa = PBXFileReference; lastKnownFileType = sourcecode.swift; path = AppDelegate.swift; sourceTree = "<group>"; };
		1F3E4AF21A90049F0062F0A2 /* RecordSoundsViewController.swift */ = {isa = PBXFileReference; lastKnownFileType = sourcecode.swift; path = RecordSoundsViewController.swift; sourceTree = "<group>"; };
		1F3E4AF51A90049F0062F0A2 /* Base */ = {isa = PBXFileReference; lastKnownFileType = file.storyboard; name = Base; path = Base.lproj/Main.storyboard; sourceTree = "<group>"; };
		1F3E4AF71A90049F0062F0A2 /* Images.xcassets */ = {isa = PBXFileReference; lastKnownFileType = folder.assetcatalog; path = Images.xcassets; sourceTree = "<group>"; };
		1F3E4AFA1A90049F0062F0A2 /* Base */ = {isa = PBXFileReference; lastKnownFileType = file.xib; name = Base; path = Base.lproj/LaunchScreen.xib; sourceTree = "<group>"; };
		1F3E4B001A90049F0062F0A2 /* Pitch PerfectTests.xctest */ = {isa = PBXFileReference; explicitFileType = wrapper.cfbundle; includeInIndex = 0; path = "Pitch PerfectTests.xctest"; sourceTree = BUILT_PRODUCTS_DIR; };
		1F3E4B051A90049F0062F0A2 /* Info.plist */ = {isa = PBXFileReference; lastKnownFileType = text.plist.xml; path = Info.plist; sourceTree = "<group>"; };
		1F3E4B061A90049F0062F0A2 /* Pitch_PerfectTests.swift */ = {isa = PBXFileReference; lastKnownFileType = sourcecode.swift; path = Pitch_PerfectTests.swift; sourceTree = "<group>"; };
		1FD979561A9904C30006E945 /* PlaySoundsViewController.swift */ = {isa = PBXFileReference; fileEncoding = 4; lastKnownFileType = sourcecode.swift; path = PlaySoundsViewController.swift; sourceTree = "<group>"; };
		1FD979581A990A240006E945 /* movie_quote.mp3 */ = {isa = PBXFileReference; lastKnownFileType = audio.mp3; name = movie_quote.mp3; path = ../../movie_quote.mp3; sourceTree = "<group>"; };
		1FD9795A1A9950EB0006E945 /* RecordedAudio.swift */ = {isa = PBXFileReference; fileEncoding = 4; lastKnownFileType = sourcecode.swift; path = RecordedAudio.swift; sourceTree = "<group>"; };
/* End PBXFileReference section */

/* Begin PBXFrameworksBuildPhase section */
		1F3E4AE81A90049F0062F0A2 /* Frameworks */ = {
			isa = PBXFrameworksBuildPhase;
			buildActionMask = 2147483647;
			files = (
			);
			runOnlyForDeploymentPostprocessing = 0;
		};
		1F3E4AFD1A90049F0062F0A2 /* Frameworks */ = {
			isa = PBXFrameworksBuildPhase;
			buildActionMask = 2147483647;
			files = (
			);
			runOnlyForDeploymentPostprocessing = 0;
		};
/* End PBXFrameworksBuildPhase section */

/* Begin PBXGroup section */
		1F3E4AE21A90049F0062F0A2 = {
			isa = PBXGroup;
			children = (
				1F3E4AED1A90049F0062F0A2 /* Pitch Perfect */,
				1F3E4B031A90049F0062F0A2 /* Pitch PerfectTests */,
				1F3E4AEC1A90049F0062F0A2 /* Products */,
			);
			sourceTree = "<group>";
		};
		1F3E4AEC1A90049F0062F0A2 /* Products */ = {
			isa = PBXGroup;
			children = (
				1F3E4AEB1A90049F0062F0A2 /* Pitch Perfect.app */,
				1F3E4B001A90049F0062F0A2 /* Pitch PerfectTests.xctest */,
			);
			name = Products;
			sourceTree = "<group>";
		};
		1F3E4AED1A90049F0062F0A2 /* Pitch Perfect */ = {
			isa = PBXGroup;
			children = (
				1F3E4AF01A90049F0062F0A2 /* AppDelegate.swift */,
				1F3E4AF21A90049F0062F0A2 /* RecordSoundsViewController.swift */,
				1F3E4AF41A90049F0062F0A2 /* Main.storyboard */,
				1FD9795A1A9950EB0006E945 /* RecordedAudio.swift */,
				1FD979561A9904C30006E945 /* PlaySoundsViewController.swift */,
				1F3E4AF71A90049F0062F0A2 /* Images.xcassets */,
				1F3E4AF91A90049F0062F0A2 /* LaunchScreen.xib */,
				1F3E4AEE1A90049F0062F0A2 /* Supporting Files */,
			);
			path = "Pitch Perfect";
			sourceTree = "<group>";
		};
		1F3E4AEE1A90049F0062F0A2 /* Supporting Files */ = {
			isa = PBXGroup;
			children = (
				1FD979581A990A240006E945 /* movie_quote.mp3 */,
				1F3E4AEF1A90049F0062F0A2 /* Info.plist */,
			);
			name = "Supporting Files";
			sourceTree = "<group>";
		};
		1F3E4B031A90049F0062F0A2 /* Pitch PerfectTests */ = {
			isa = PBXGroup;
			children = (
				1F3E4B061A90049F0062F0A2 /* Pitch_PerfectTests.swift */,
				1F3E4B041A90049F0062F0A2 /* Supporting Files */,
			);
			path = "Pitch PerfectTests";
			sourceTree = "<group>";
		};
		1F3E4B041A90049F0062F0A2 /* Supporting Files */ = {
			isa = PBXGroup;
			children = (
				1F3E4B051A90049F0062F0A2 /* Info.plist */,
			);
			name = "Supporting Files";
			sourceTree = "<group>";
		};
/* End PBXGroup section */

/* Begin PBXNativeTarget section */
		1F3E4AEA1A90049F0062F0A2 /* Pitch Perfect */ = {
			isa = PBXNativeTarget;
			buildConfigurationList = 1F3E4B0A1A90049F0062F0A2 /* Build configuration list for PBXNativeTarget "Pitch Perfect" */;
			buildPhases = (
				1F3E4AE71A90049F0062F0A2 /* Sources */,
				1F3E4AE81A90049F0062F0A2 /* Frameworks */,
				1F3E4AE91A90049F0062F0A2 /* Resources */,
			);
			buildRules = (
			);
			dependencies = (
			);
			name = "Pitch Perfect";
			productName = "Pitch Perfect";
			productReference = 1F3E4AEB1A90049F0062F0A2 /* Pitch Perfect.app */;
			productType = "com.apple.product-type.application";
		};
		1F3E4AFF1A90049F0062F0A2 /* Pitch PerfectTests */ = {
			isa = PBXNativeTarget;
			buildConfigurationList = 1F3E4B0D1A90049F0062F0A2 /* Build configuration list for PBXNativeTarget "Pitch PerfectTests" */;
			buildPhases = (
				1F3E4AFC1A90049F0062F0A2 /* Sources */,
				1F3E4AFD1A90049F0062F0A2 /* Frameworks */,
				1F3E4AFE1A90049F0062F0A2 /* Resources */,
			);
			buildRules = (
			);
			dependencies = (
				1F3E4B021A90049F0062F0A2 /* PBXTargetDependency */,
			);
			name = "Pitch PerfectTests";
			productName = "Pitch PerfectTests";
			productReference = 1F3E4B001A90049F0062F0A2 /* Pitch PerfectTests.xctest */;
			productType = "com.apple.product-type.bundle.unit-test";
		};
/* End PBXNativeTarget section */

/* Begin PBXProject section */
		1F3E4AE31A90049F0062F0A2 /* Project object */ = {
			isa = PBXProject;
			attributes = {
				LastUpgradeCheck = 0610;
				ORGANIZATIONNAME = "john painter";
				TargetAttributes = {
					1F3E4AEA1A90049F0062F0A2 = {
						CreatedOnToolsVersion = 6.1.1;
						DevelopmentTeam = GZ5TJ4Q45B;
					};
					1F3E4AFF1A90049F0062F0A2 = {
						CreatedOnToolsVersion = 6.1.1;
						TestTargetID = 1F3E4AEA1A90049F0062F0A2;
					};
				};
			};
			buildConfigurationList = 1F3E4AE61A90049F0062F0A2 /* Build configuration list for PBXProject "Pitch Perfect" */;
			compatibilityVersion = "Xcode 3.2";
			developmentRegion = English;
			hasScannedForEncodings = 0;
			knownRegions = (
				en,
				Base,
			);
			mainGroup = 1F3E4AE21A90049F0062F0A2;
			productRefGroup = 1F3E4AEC1A90049F0062F0A2 /* Products */;
			projectDirPath = "";
			projectRoot = "";
			targets = (
				1F3E4AEA1A90049F0062F0A2 /* Pitch Perfect */,
				1F3E4AFF1A90049F0062F0A2 /* Pitch PerfectTests */,
			);
		};
/* End PBXProject section */

/* Begin PBXResourcesBuildPhase section */
		1F3E4AE91A90049F0062F0A2 /* Resources */ = {
			isa = PBXResourcesBuildPhase;
			buildActionMask = 2147483647;
			files = (
				1F3E4AF61A90049F0062F0A2 /* Main.storyboard in Resources */,
				1F3E4AFB1A90049F0062F0A2 /* LaunchScreen.xib in Resources */,
				1FD979591A990A240006E945 /* movie_quote.mp3 in Resources */,
				1F3E4AF81A90049F0062F0A2 /* Images.xcassets in Resources */,
			);
			runOnlyForDeploymentPostprocessing = 0;
		};
		1F3E4AFE1A90049F0062F0A2 /* Resources */ = {
			isa = PBXResourcesBuildPhase;
			buildActionMask = 2147483647;
			files = (
			);
			runOnlyForDeploymentPostprocessing = 0;
		};
/* End PBXResourcesBuildPhase section */

/* Begin PBXSourcesBuildPhase section */
		1F3E4AE71A90049F0062F0A2 /* Sources */ = {
			isa = PBXSourcesBuildPhase;
			buildActionMask = 2147483647;
			files = (
				1FD9795B1A9950EB0006E945 /* RecordedAudio.swift in Sources */,
				1F3E4AF31A90049F0062F0A2 /* RecordSoundsViewController.swift in Sources */,
				1FD979571A9904C30006E945 /* PlaySoundsViewController.swift in Sources */,
				1F3E4AF11A90049F0062F0A2 /* AppDelegate.swift in Sources */,
			);
			runOnlyForDeploymentPostprocessing = 0;
		};
		1F3E4AFC1A90049F0062F0A2 /* Sources */ = {
			isa = PBXSourcesBuildPhase;
			buildActionMask = 2147483647;
			files = (
				1F3E4B071A90049F0062F0A2 /* Pitch_PerfectTests.swift in Sources */,
			);
			runOnlyForDeploymentPostprocessing = 0;
		};
/* End PBXSourcesBuildPhase section */

/* Begin PBXTargetDependency section */
		1F3E4B021A90049F0062F0A2 /* PBXTargetDependency */ = {
			isa = PBXTargetDependency;
			target = 1F3E4AEA1A90049F0062F0A2 /* Pitch Perfect */;
			targetProxy = 1F3E4B011A90049F0062F0A2 /* PBXContainerItemProxy */;
		};
/* End PBXTargetDependency section */

/* Begin PBXVariantGroup section */
		1F3E4AF41A90049F0062F0A2 /* Main.storyboard */ = {
			isa = PBXVariantGroup;
			children = (
				1F3E4AF51A90049F0062F0A2 /* Base */,
			);
			name = Main.storyboard;
			sourceTree = "<group>";
		};
		1F3E4AF91A90049F0062F0A2 /* LaunchScreen.xib */ = {
			isa = PBXVariantGroup;
			children = (
				1F3E4AFA1A90049F0062F0A2 /* Base */,
			);
			name = LaunchScreen.xib;
			sourceTree = "<group>";
		};
/* End PBXVariantGroup section */

/* Begin XCBuildConfiguration section */
		1F3E4B081A90049F0062F0A2 /* Debug */ = {
			isa = XCBuildConfiguration;
			buildSettings = {
				ALWAYS_SEARCH_USER_PATHS = NO;
				CLANG_CXX_LANGUAGE_STANDARD = "gnu++0x";
				CLANG_CXX_LIBRARY = "libc++";
				CLANG_ENABLE_MODULES = YES;
				CLANG_ENABLE_OBJC_ARC = YES;
				CLANG_WARN_BOOL_CONVERSION = YES;
				CLANG_WARN_CONSTANT_CONVERSION = YES;
				CLANG_WARN_DIRECT_OBJC_ISA_USAGE = YES_ERROR;
				CLANG_WARN_EMPTY_BODY = YES;
				CLANG_WARN_ENUM_CONVERSION = YES;
				CLANG_WARN_INT_CONVERSION = YES;
				CLANG_WARN_OBJC_ROOT_CLASS = YES_ERROR;
				CLANG_WARN_UNREACHABLE_CODE = YES;
				CLANG_WARN__DUPLICATE_METHOD_MATCH = YES;
				"CODE_SIGN_IDENTITY[sdk=iphoneos*]" = "iPhone Developer";
				COPY_PHASE_STRIP = NO;
				ENABLE_STRICT_OBJC_MSGSEND = YES;
				GCC_C_LANGUAGE_STANDARD = gnu99;
				GCC_DYNAMIC_NO_PIC = NO;
				GCC_OPTIMIZATION_LEVEL = 0;
				GCC_PREPROCESSOR_DEFINITIONS = (
					"DEBUG=1",
					"$(inherited)",
				);
				GCC_SYMBOLS_PRIVATE_EXTERN = NO;
				GCC_WARN_64_TO_32_BIT_CONVERSION = YES;
				GCC_WARN_ABOUT_RETURN_TYPE = YES_ERROR;
				GCC_WARN_UNDECLARED_SELECTOR = YES;
				GCC_WARN_UNINITIALIZED_AUTOS = YES_AGGRESSIVE;
				GCC_WARN_UNUSED_FUNCTION = YES;
				GCC_WARN_UNUSED_VARIABLE = YES;
				IPHONEOS_DEPLOYMENT_TARGET = 8.1;
				MTL_ENABLE_DEBUG_INFO = YES;
				ONLY_ACTIVE_ARCH = YES;
				SDKROOT = iphoneos;
				SWIFT_OPTIMIZATION_LEVEL = "-Onone";
			};
			name = Debug;
		};
		1F3E4B091A90049F0062F0A2 /* Release */ = {
			isa = XCBuildConfiguration;
			buildSettings = {
				ALWAYS_SEARCH_USER_PATHS = NO;
				CLANG_CXX_LANGUAGE_STANDARD = "gnu++0x";
				CLANG_CXX_LIBRARY = "libc++";
				CLANG_ENABLE_MODULES = YES;
				CLANG_ENABLE_OBJC_ARC = YES;
				CLANG_WARN_BOOL_CONVERSION = YES;
				CLANG_WARN_CONSTANT_CONVERSION = YES;
				CLANG_WARN_DIRECT_OBJC_ISA_USAGE = YES_ERROR;
				CLANG_WARN_EMPTY_BODY = YES;
				CLANG_WARN_ENUM_CONVERSION = YES;
				CLANG_WARN_INT_CONVERSION = YES;
				CLANG_WARN_OBJC_ROOT_CLASS = YES_ERROR;
				CLANG_WARN_UNREACHABLE_CODE = YES;
				CLANG_WARN__DUPLICATE_METHOD_MATCH = YES;
				"CODE_SIGN_IDENTITY[sdk=iphoneos*]" = "iPhone Developer";
				COPY_PHASE_STRIP = YES;
				ENABLE_NS_ASSERTIONS = NO;
				ENABLE_STRICT_OBJC_MSGSEND = YES;
				GCC_C_LANGUAGE_STANDARD = gnu99;
				GCC_WARN_64_TO_32_BIT_CONVERSION = YES;
				GCC_WARN_ABOUT_RETURN_TYPE = YES_ERROR;
				GCC_WARN_UNDECLARED_SELECTOR = YES;
				GCC_WARN_UNINITIALIZED_AUTOS = YES_AGGRESSIVE;
				GCC_WARN_UNUSED_FUNCTION = YES;
				GCC_WARN_UNUSED_VARIABLE = YES;
				IPHONEOS_DEPLOYMENT_TARGET = 8.1;
				MTL_ENABLE_DEBUG_INFO = NO;
				SDKROOT = iphoneos;
				VALIDATE_PRODUCT = YES;
			};
			name = Release;
		};
		1F3E4B0B1A90049F0062F0A2 /* Debug */ = {
			isa = XCBuildConfiguration;
			buildSettings = {
				ASSETCATALOG_COMPILER_APPICON_NAME = AppIcon;
				INFOPLIST_FILE = "Pitch Perfect/Info.plist";
				LD_RUNPATH_SEARCH_PATHS = "$(inherited) @executable_path/Frameworks";
				PRODUCT_NAME = "$(TARGET_NAME)";
			};
			name = Debug;
		};
		1F3E4B0C1A90049F0062F0A2 /* Release */ = {
			isa = XCBuildConfiguration;
			buildSettings = {
				ASSETCATALOG_COMPILER_APPICON_NAME = AppIcon;
				INFOPLIST_FILE = "Pitch Perfect/Info.plist";
				LD_RUNPATH_SEARCH_PATHS = "$(inherited) @executable_path/Frameworks";
				PRODUCT_NAME = "$(TARGET_NAME)";
			};
			name = Release;
		};
		1F3E4B0E1A90049F0062F0A2 /* Debug */ = {
			isa = XCBuildConfiguration;
			buildSettings = {
				BUNDLE_LOADER = "$(TEST_HOST)";
				FRAMEWORK_SEARCH_PATHS = (
					"$(SDKROOT)/Developer/Library/Frameworks",
					"$(inherited)",
				);
				GCC_PREPROCESSOR_DEFINITIONS = (
					"DEBUG=1",
					"$(inherited)",
				);
				INFOPLIST_FILE = "Pitch PerfectTests/Info.plist";
				LD_RUNPATH_SEARCH_PATHS = "$(inherited) @executable_path/Frameworks @loader_path/Frameworks";
				PRODUCT_NAME = "$(TARGET_NAME)";
				TEST_HOST = "$(BUILT_PRODUCTS_DIR)/Pitch Perfect.app/Pitch Perfect";
			};
			name = Debug;
		};
		1F3E4B0F1A90049F0062F0A2 /* Release */ = {
			isa = XCBuildConfiguration;
			buildSettings = {
				BUNDLE_LOADER = "$(TEST_HOST)";
				FRAMEWORK_SEARCH_PATHS = (
					"$(SDKROOT)/Developer/Library/Frameworks",
					"$(inherited)",
				);
				INFOPLIST_FILE = "Pitch PerfectTests/Info.plist";
				LD_RUNPATH_SEARCH_PATHS = "$(inherited) @executable_path/Frameworks @loader_path/Frameworks";
				PRODUCT_NAME = "$(TARGET_NAME)";
				TEST_HOST = "$(BUILT_PRODUCTS_DIR)/Pitch Perfect.app/Pitch Perfect";
			};
			name = Release;
		};
/* End XCBuildConfiguration section */

/* Begin XCConfigurationList section */
		1F3E4AE61A90049F0062F0A2 /* Build configuration list for PBXProject "Pitch Perfect" */ = {
			isa = XCConfigurationList;
			buildConfigurations = (
				1F3E4B081A90049F0062F0A2 /* Debug */,
				1F3E4B091A90049F0062F0A2 /* Release */,
			);
			defaultConfigurationIsVisible = 0;
			defaultConfigurationName = Release;
		};
		1F3E4B0A1A90049F0062F0A2 /* Build configuration list for PBXNativeTarget "Pitch Perfect" */ = {
			isa = XCConfigurationList;
			buildConfigurations = (
				1F3E4B0B1A90049F0062F0A2 /* Debug */,
				1F3E4B0C1A90049F0062F0A2 /* Release */,
			);
			defaultConfigurationIsVisible = 0;
			defaultConfigurationName = Release;
		};
		1F3E4B0D1A90049F0062F0A2 /* Build configuration list for PBXNativeTarget "Pitch PerfectTests" */ = {
			isa = XCConfigurationList;
			buildConfigurations = (
				1F3E4B0E1A90049F0062F0A2 /* Debug */,
				1F3E4B0F1A90049F0062F0A2 /* Release */,
			);
			defaultConfigurationIsVisible = 0;
			defaultConfigurationName = Release;
		};
/* End XCConfigurationList section */
	};
	rootObject = 1F3E4AE31A90049F0062F0A2 /* Project object */;
}
